
Microsoft Visual Studio Solution File, Format Version 12.00
# Visual Studio Version 16
VisualStudioVersion = 16.0.35425.106
MinimumVisualStudioVersion = 10.0.40219.1
Project("{FAE04EC0-301F-11D3-BF4B-00C04F79EFBC}") = "proejkt", "proejkt.csproj", "{F118F80B-C623-4AC2-9848-7CB6D0B57EC6}"
EndProject
Global
	GlobalSection(SolutionConfigurationPlatforms) = preSolution
		Debug|Any CPU = Debug|Any CPU
		Release|Any CPU = Release|Any CPU
	EndGlobalSection
	GlobalSection(ProjectConfigurationPlatforms) = postSolution
		{F118F80B-C623-4AC2-9848-7CB6D0B57EC6}.Debug|Any CPU.ActiveCfg = Debug|Any CPU
		{F118F80B-C623-4AC2-9848-7CB6D0B57EC6}.Debug|Any CPU.Build.0 = Debug|Any CPU
		{F118F80B-C623-4AC2-9848-7CB6D0B57EC6}.Release|Any CPU.ActiveCfg = Release|Any CPU
		{F118F80B-C623-4AC2-9848-7CB6D0B57EC6}.Release|Any CPU.Build.0 = Release|Any CPU
	EndGlobalSection
	GlobalSection(SolutionProperties) = preSolution
		HideSolutionNode = FALSE
	EndGlobalSection
	GlobalSection(ExtensibilityGlobals) = postSolution
		SolutionGuid = {0AB7D5A1-B409-45FA-9EEE-7298B967271D}
	EndGlobalSection
EndGlobal
